
Microsoft Visual Studio Solution File, Format Version 12.00
# Visual Studio Version 17
VisualStudioVersion = 17.4.33122.133
MinimumVisualStudioVersion = 10.0.40219.1
Project("{FAE04EC0-301F-11D3-BF4B-00C04F79EFBC}") = "workingw", "workingw\workingw.csproj", "{DE82B74D-F2CF-4CC2-A277-A6376C071D8A}"
EndProject
Global
	GlobalSection(SolutionConfigurationPlatforms) = preSolution
		Debug|Any CPU = Debug|Any CPU
		Release|Any CPU = Release|Any CPU
	EndGlobalSection
	GlobalSection(ProjectConfigurationPlatforms) = postSolution
		{DE82B74D-F2CF-4CC2-A277-A6376C071D8A}.Debug|Any CPU.ActiveCfg = Debug|Any CPU
		{DE82B74D-F2CF-4CC2-A277-A6376C071D8A}.Debug|Any CPU.Build.0 = Debug|Any CPU
		{DE82B74D-F2CF-4CC2-A277-A6376C071D8A}.Release|Any CPU.ActiveCfg = Release|Any CPU
		{DE82B74D-F2CF-4CC2-A277-A6376C071D8A}.Release|Any CPU.Build.0 = Release|Any CPU
	EndGlobalSection
	GlobalSection(SolutionProperties) = preSolution
		HideSolutionNode = FALSE
	EndGlobalSection
	GlobalSection(ExtensibilityGlobals) = postSolution
		SolutionGuid = {0368F88A-24FC-40D2-8E1B-53B057EAB0D4}
	EndGlobalSection
EndGlobal
